hash: feaf26117e532fea640c16ad5418593eb799627bd0b4aef19824e24664fac92b
updated: 2016-10-15T17:34:54.891064587-07:00
imports:
- name: github.com/gin-gonic/gin
  version: d6425f1692d4aa170ece887b62bb75c9c4da5829
  subpackages:
  - binding
  - render
- name: github.com/manucorporat/sse
  version: c142f0f1baea5cef7f98a8a6c222f6134368c1f5
- name: github.com/mattn/go-colorable
  version: d67e0b7d1797975196499f79bcc322c08b9f218b
- name: github.com/mattn/go-isatty
  version: 66b8e73f3f5cda9f96b69efd03dd3d7fc4a5cdb8
- name: github.com/pborman/uuid
  version: 3d4f2ba23642d3cfd06bd4b54cf03d99d95c0f1b
- name: github.com/Sirupsen/logrus
  version: 539d4dc034c079a7188b5d4ca9650632d73c66e8
- name: github.com/stretchr/testify
  version: 69483b4bd14f5845b5a1e55bca19e954e827f1d0
  subpackages:
  - assert
- name: golang.org/x/net
  version: 3cffabab72adf04f8e3b01c5baf775361837b5fe
  subpackages:
  - context
- name: golang.org/x/sys
  version: f64b50fbea64174967a8882830d621a18ee1548e
  subpackages:
  - unix
- name: gopkg.in/bluesuncorp/validator.v5
  version: df95f9de27b8022e57f8ce09448cee6b1170bb3d
testImports:
- name: github.com/davecgh/go-spew
  version: 2df174808ee097f90d259e432cc04442cf60be21
  subpackages:
  - spew
- name: github.com/pmezard/go-difflib
  version: d8ed2627bdf02c080bf22230dbb337003b7aba2d
  subpackages:
  - difflib
